
Microsoft Visual Studio Solution File, Format Version 12.00
# Visual Studio Version 17
VisualStudioVersion = 17.13.35818.85 d17.13
MinimumVisualStudioVersion = 10.0.40219.1
Project("{FAE04EC0-301F-11D3-BF4B-00C04F79EFBC}") = "ConsoleHeartbeat", "ConsoleHeartbeat.csproj", "{62190982-31C9-463D-AF5E-88878250D38E}"
EndProject
Global
	GlobalSection(SolutionConfigurationPlatforms) = preSolution
		Debug|Any CPU = Debug|Any CPU
		Release|Any CPU = Release|Any CPU
	EndGlobalSection
	GlobalSection(ProjectConfigurationPlatforms) = postSolution
		{62190982-31C9-463D-AF5E-88878250D38E}.Debug|Any CPU.ActiveCfg = Debug|Any CPU
		{62190982-31C9-463D-AF5E-88878250D38E}.Debug|Any CPU.Build.0 = Debug|Any CPU
		{62190982-31C9-463D-AF5E-88878250D38E}.Release|Any CPU.ActiveCfg = Release|Any CPU
		{62190982-31C9-463D-AF5E-88878250D38E}.Release|Any CPU.Build.0 = Release|Any CPU
	EndGlobalSection
	GlobalSection(SolutionProperties) = preSolution
		HideSolutionNode = FALSE
	EndGlobalSection
	GlobalSection(ExtensibilityGlobals) = postSolution
		SolutionGuid = {6FA2EADE-6CE7-4E91-928E-7A7901A0E04D}
	EndGlobalSection
EndGlobal
